// !$*UTF8*$!
{
	archiveVersion = 1;
	classes = {
	};
	objectVersion = 56;
	objects = {

/* Begin PBXBuildFile section */
		D825C25E29909C6E00451898 /* SwiftUIConceptsApp.swift in Sources */ = {isa = PBXBuildFile; fileRef = D825C25D29909C6E00451898 /* SwiftUIConceptsApp.swift */; };
		D825C26029909C6E00451898 /* ContentView.swift in Sources */ = {isa = PBXBuildFile; fileRef = D825C25F29909C6E00451898 /* ContentView.swift */; };
		D825C26529909C6F00451898 /* Preview Assets.xcassets in Resources */ = {isa = PBXBuildFile; fileRef = D825C26429909C6F00451898 /* Preview Assets.xcassets */; };
		D825C26C29909D7100451898 /* SettingsView.swift in Sources */ = {isa = PBXBuildFile; fileRef = D825C26B29909D7100451898 /* SettingsView.swift */; };
		D825C26E29909FFD00451898 /* AlternativeContentView.swift in Sources */ = {isa = PBXBuildFile; fileRef = D825C26D29909FFD00451898 /* AlternativeContentView.swift */; };
		D825C2702990AEF900451898 /* MyScene.swift in Sources */ = {isa = PBXBuildFile; fileRef = D825C26F2990AEF900451898 /* MyScene.swift */; };
		D825C2722990AF2500451898 /* MyAlternativeScene.swift in Sources */ = {isa = PBXBuildFile; fileRef = D825C2712990AF2500451898 /* MyAlternativeScene.swift */; };
		D825C2742990C0D300451898 /* KeywordBubble.swift in Sources */ = {isa = PBXBuildFile; fileRef = D825C2732990C0D300451898 /* KeywordBubble.swift */; };
		D825C2762990C91C00451898 /* CaptionedPhoto.swift in Sources */ = {isa = PBXBuildFile; fileRef = D825C2752990C91C00451898 /* CaptionedPhoto.swift */; };
		D825C2782990C9B100451898 /* Assets.xcassets in Resources */ = {isa = PBXBuildFile; fileRef = D825C2772990C9B100451898 /* Assets.xcassets */; };
		D825C27A2990D3D000451898 /* IfElseTrain.swift in Sources */ = {isa = PBXBuildFile; fileRef = D825C2792990D3D000451898 /* IfElseTrain.swift */; };
/* End PBXBuildFile section */

/* Begin PBXFileReference section */
		D825C25A29909C6E00451898 /* SwiftUIConcepts.app */ = {isa = PBXFileReference; explicitFileType = wrapper.application; includeInIndex = 0; path = SwiftUIConcepts.app; sourceTree = BUILT_PRODUCTS_DIR; };
		D825C25D29909C6E00451898 /* SwiftUIConceptsApp.swift */ = {isa = PBXFileReference; lastKnownFileType = sourcecode.swift; path = SwiftUIConceptsApp.swift; sourceTree = "<group>"; };
		D825C25F29909C6E00451898 /* ContentView.swift */ = {isa = PBXFileReference; lastKnownFileType = sourcecode.swift; path = ContentView.swift; sourceTree = "<group>"; };
		D825C26429909C6F00451898 /* Preview Assets.xcassets */ = {isa = PBXFileReference; lastKnownFileType = folder.assetcatalog; path = "Preview Assets.xcassets"; sourceTree = "<group>"; };
		D825C26B29909D7100451898 /* SettingsView.swift */ = {isa = PBXFileReference; lastKnownFileType = sourcecode.swift; path = SettingsView.swift; sourceTree = "<group>"; };
		D825C26D29909FFD00451898 /* AlternativeContentView.swift */ = {isa = PBXFileReference; lastKnownFileType = sourcecode.swift; path = AlternativeContentView.swift; sourceTree = "<group>"; };
		D825C26F2990AEF900451898 /* MyScene.swift */ = {isa = PBXFileReference; lastKnownFileType = sourcecode.swift; path = MyScene.swift; sourceTree = "<group>"; };
		D825C2712990AF2500451898 /* MyAlternativeScene.swift */ = {isa = PBXFileReference; lastKnownFileType = sourcecode.swift; path = MyAlternativeScene.swift; sourceTree = "<group>"; };
		D825C2732990C0D300451898 /* KeywordBubble.swift */ = {isa = PBXFileReference; lastKnownFileType = sourcecode.swift; path = KeywordBubble.swift; sourceTree = "<group>"; };
		D825C2752990C91C00451898 /* CaptionedPhoto.swift */ = {isa = PBXFileReference; lastKnownFileType = sourcecode.swift; path = CaptionedPhoto.swift; sourceTree = "<group>"; };
		D825C2772990C9B100451898 /* Assets.xcassets */ = {isa = PBXFileReference; lastKnownFileType = folder.assetcatalog; name = Assets.xcassets; path = "../../../../Downloads/layering-content/CaptionedPhoto/Assets.xcassets"; sourceTree = "<group>"; };
		D825C2792990D3D000451898 /* IfElseTrain.swift */ = {isa = PBXFileReference; lastKnownFileType = sourcecode.swift; path = IfElseTrain.swift; sourceTree = "<group>"; };
/* End PBXFileReference section */

/* Begin PBXFrameworksBuildPhase section */
		D825C25729909C6E00451898 /* Frameworks */ = {
			isa = PBXFrameworksBuildPhase;
			buildActionMask = 2147483647;
			files = (
			);
			runOnlyForDeploymentPostprocessing = 0;
		};
/* End PBXFrameworksBuildPhase section */

/* Begin PBXGroup section */
		D825C25129909C6E00451898 = {
			isa = PBXGroup;
			children = (
				D825C25C29909C6E00451898 /* SwiftUIConcepts */,
				D825C25B29909C6E00451898 /* Products */,
			);
			sourceTree = "<group>";
		};
		D825C25B29909C6E00451898 /* Products */ = {
			isa = PBXGroup;
			children = (
				D825C25A29909C6E00451898 /* SwiftUIConcepts.app */,
			);
			name = Products;
			sourceTree = "<group>";
		};
		D825C25C29909C6E00451898 /* SwiftUIConcepts */ = {
			isa = PBXGroup;
			children = (
				D825C2772990C9B100451898 /* Assets.xcassets */,
				D825C25D29909C6E00451898 /* SwiftUIConceptsApp.swift */,
				D825C25F29909C6E00451898 /* ContentView.swift */,
				D825C26329909C6F00451898 /* Preview Content */,
				D825C26B29909D7100451898 /* SettingsView.swift */,
				D825C26D29909FFD00451898 /* AlternativeContentView.swift */,
				D825C26F2990AEF900451898 /* MyScene.swift */,
				D825C2712990AF2500451898 /* MyAlternativeScene.swift */,
				D825C2732990C0D300451898 /* KeywordBubble.swift */,
				D825C2752990C91C00451898 /* CaptionedPhoto.swift */,
				D825C2792990D3D000451898 /* IfElseTrain.swift */,
			);
			path = SwiftUIConcepts;
			sourceTree = "<group>";
		};
		D825C26329909C6F00451898 /* Preview Content */ = {
			isa = PBXGroup;
			children = (
				D825C26429909C6F00451898 /* Preview Assets.xcassets */,
			);
			path = "Preview Content";
			sourceTree = "<group>";
		};
/* End PBXGroup section */

/* Begin PBXNativeTarget section */
		D825C25929909C6E00451898 /* SwiftUIConcepts */ = {
			isa = PBXNativeTarget;
			buildConfigurationList = D825C26829909C6F00451898 /* Build configuration list for PBXNativeTarget "SwiftUIConcepts" */;
			buildPhases = (
				D825C25629909C6E00451898 /* Sources */,
				D825C25729909C6E00451898 /* Frameworks */,
				D825C25829909C6E00451898 /* Resources */,
			);
			buildRules = (
			);
			dependencies = (
			);
			name = SwiftUIConcepts;
			productName = SwiftUIConcepts;
			productReference = D825C25A29909C6E00451898 /* SwiftUIConcepts.app */;
			productType = "com.apple.product-type.application";
		};
/* End PBXNativeTarget section */

/* Begin PBXProject section */
		D825C25229909C6E00451898 /* Project object */ = {
			isa = PBXProject;
			attributes = {
				BuildIndependentTargetsInParallel = 1;
				LastSwiftUpdateCheck = 1410;
				LastUpgradeCheck = 1410;
				TargetAttributes = {
					D825C25929909C6E00451898 = {
						CreatedOnToolsVersion = 14.1;
					};
				};
			};
			buildConfigurationList = D825C25529909C6E00451898 /* Build configuration list for PBXProject "SwiftUIConcepts" */;
			compatibilityVersion = "Xcode 14.0";
			developmentRegion = en;
			hasScannedForEncodings = 0;
			knownRegions = (
				en,
				Base,
			);
			mainGroup = D825C25129909C6E00451898;
			productRefGroup = D825C25B29909C6E00451898 /* Products */;
			projectDirPath = "";
			projectRoot = "";
			targets = (
				D825C25929909C6E00451898 /* SwiftUIConcepts */,
			);
		};
/* End PBXProject section */

/* Begin PBXResourcesBuildPhase section */
		D825C25829909C6E00451898 /* Resources */ = {
			isa = PBXResourcesBuildPhase;
			buildActionMask = 2147483647;
			files = (
				D825C26529909C6F00451898 /* Preview Assets.xcassets in Resources */,
				D825C2782990C9B100451898 /* Assets.xcassets in Resources */,
			);
			runOnlyForDeploymentPostprocessing = 0;
		};
/* End PBXResourcesBuildPhase section */

/* Begin PBXSourcesBuildPhase section */
		D825C25629909C6E00451898 /* Sources */ = {
			isa = PBXSourcesBuildPhase;
			buildActionMask = 2147483647;
			files = (
				D825C2762990C91C00451898 /* CaptionedPhoto.swift in Sources */,
				D825C26E29909FFD00451898 /* AlternativeContentView.swift in Sources */,
				D825C26C29909D7100451898 /* SettingsView.swift in Sources */,
				D825C2702990AEF900451898 /* MyScene.swift in Sources */,
				D825C2742990C0D300451898 /* KeywordBubble.swift in Sources */,
				D825C26029909C6E00451898 /* ContentView.swift in Sources */,
				D825C2722990AF2500451898 /* MyAlternativeScene.swift in Sources */,
				D825C27A2990D3D000451898 /* IfElseTrain.swift in Sources */,
				D825C25E29909C6E00451898 /* SwiftUIConceptsApp.swift in Sources */,
			);
			runOnlyForDeploymentPostprocessing = 0;
		};
/* End PBXSourcesBuildPhase section */

/* Begin XCBuildConfiguration section */
		D825C26629909C6F00451898 /* Debug */ = {
			isa = XCBuildConfiguration;
			buildSettings = {
				ALWAYS_SEARCH_USER_PATHS = NO;
				CLANG_ANALYZER_NONNULL = YES;
				CLANG_ANALYZER_NUMBER_OBJECT_CONVERSION = YES_AGGRESSIVE;
				CLANG_CXX_LANGUAGE_STANDARD = "gnu++20";
				CLANG_ENABLE_MODULES = YES;
				CLANG_ENABLE_OBJC_ARC = YES;
				CLANG_ENABLE_OBJC_WEAK = YES;
				CLANG_WARN_BLOCK_CAPTURE_AUTORELEASING = YES;
				CLANG_WARN_BOOL_CONVERSION = YES;
				CLANG_WARN_COMMA = YES;
				CLANG_WARN_CONSTANT_CONVERSION = YES;
				CLANG_WARN_DEPRECATED_OBJC_IMPLEMENTATIONS = YES;
				CLANG_WARN_DIRECT_OBJC_ISA_USAGE = YES_ERROR;
				CLANG_WARN_DOCUMENTATION_COMMENTS = YES;
				CLANG_WARN_EMPTY_BODY = YES;
				CLANG_WARN_ENUM_CONVERSION = YES;
				CLANG_WARN_INFINITE_RECURSION = YES;
				CLANG_WARN_INT_CONVERSION = YES;
				CLANG_WARN_NON_LITERAL_NULL_CONVERSION = YES;
				CLANG_WARN_OBJC_IMPLICIT_RETAIN_SELF = YES;
				CLANG_WARN_OBJC_LITERAL_CONVERSION = YES;
				CLANG_WARN_OBJC_ROOT_CLASS = YES_ERROR;
				CLANG_WARN_QUOTED_INCLUDE_IN_FRAMEWORK_HEADER = YES;
				CLANG_WARN_RANGE_LOOP_ANALYSIS = YES;
				CLANG_WARN_STRICT_PROTOTYPES = YES;
				CLANG_WARN_SUSPICIOUS_MOVE = YES;
				CLANG_WARN_UNGUARDED_AVAILABILITY = YES_AGGRESSIVE;
				CLANG_WARN_UNREACHABLE_CODE = YES;
				CLANG_WARN__DUPLICATE_METHOD_MATCH = YES;
				COPY_PHASE_STRIP = NO;
				DEBUG_INFORMATION_FORMAT = dwarf;
				ENABLE_STRICT_OBJC_MSGSEND = YES;
				ENABLE_TESTABILITY = YES;
				GCC_C_LANGUAGE_STANDARD = gnu11;
				GCC_DYNAMIC_NO_PIC = NO;
				GCC_NO_COMMON_BLOCKS = YES;
				GCC_OPTIMIZATION_LEVEL = 0;
				GCC_PREPROCESSOR_DEFINITIONS = (
					"DEBUG=1",
					"$(inherited)",
				);
				GCC_WARN_64_TO_32_BIT_CONVERSION = YES;
				GCC_WARN_ABOUT_RETURN_TYPE = YES_ERROR;
				GCC_WARN_UNDECLARED_SELECTOR = YES;
				GCC_WARN_UNINITIALIZED_AUTOS = YES_AGGRESSIVE;
				GCC_WARN_UNUSED_FUNCTION = YES;
				GCC_WARN_UNUSED_VARIABLE = YES;
				IPHONEOS_DEPLOYMENT_TARGET = 16.1;
				MTL_ENABLE_DEBUG_INFO = INCLUDE_SOURCE;
				MTL_FAST_MATH = YES;
				ONLY_ACTIVE_ARCH = YES;
				SDKROOT = iphoneos;
				SWIFT_ACTIVE_COMPILATION_CONDITIONS = DEBUG;
				SWIFT_OPTIMIZATION_LEVEL = "-Onone";
			};
			name = Debug;
		};
		D825C26729909C6F00451898 /* Release */ = {
			isa = XCBuildConfiguration;
			buildSettings = {
				ALWAYS_SEARCH_USER_PATHS = NO;
				CLANG_ANALYZER_NONNULL = YES;
				CLANG_ANALYZER_NUMBER_OBJECT_CONVERSION = YES_AGGRESSIVE;
				CLANG_CXX_LANGUAGE_STANDARD = "gnu++20";
				CLANG_ENABLE_MODULES = YES;
				CLANG_ENABLE_OBJC_ARC = YES;
				CLANG_ENABLE_OBJC_WEAK = YES;
				CLANG_WARN_BLOCK_CAPTURE_AUTORELEASING = YES;
				CLANG_WARN_BOOL_CONVERSION = YES;
				CLANG_WARN_COMMA = YES;
				CLANG_WARN_CONSTANT_CONVERSION = YES;
				CLANG_WARN_DEPRECATED_OBJC_IMPLEMENTATIONS = YES;
				CLANG_WARN_DIRECT_OBJC_ISA_USAGE = YES_ERROR;
				CLANG_WARN_DOCUMENTATION_COMMENTS = YES;
				CLANG_WARN_EMPTY_BODY = YES;
				CLANG_WARN_ENUM_CONVERSION = YES;
				CLANG_WARN_INFINITE_RECURSION = YES;
				CLANG_WARN_INT_CONVERSION = YES;
				CLANG_WARN_NON_LITERAL_NULL_CONVERSION = YES;
				CLANG_WARN_OBJC_IMPLICIT_RETAIN_SELF = YES;
				CLANG_WARN_OBJC_LITERAL_CONVERSION = YES;
				CLANG_WARN_OBJC_ROOT_CLASS = YES_ERROR;
				CLANG_WARN_QUOTED_INCLUDE_IN_FRAMEWORK_HEADER = YES;
				CLANG_WARN_RANGE_LOOP_ANALYSIS = YES;
				CLANG_WARN_STRICT_PROTOTYPES = YES;
				CLANG_WARN_SUSPICIOUS_MOVE = YES;
				CLANG_WARN_UNGUARDED_AVAILABILITY = YES_AGGRESSIVE;
				CLANG_WARN_UNREACHABLE_CODE = YES;
				CLANG_WARN__DUPLICATE_METHOD_MATCH = YES;
				COPY_PHASE_STRIP = NO;
				DEBUG_INFORMATION_FORMAT = "dwarf-with-dsym";
				ENABLE_NS_ASSERTIONS = NO;
				ENABLE_STRICT_OBJC_MSGSEND = YES;
				GCC_C_LANGUAGE_STANDARD = gnu11;
				GCC_NO_COMMON_BLOCKS = YES;
				GCC_WARN_64_TO_32_BIT_CONVERSION = YES;
				GCC_WARN_ABOUT_RETURN_TYPE = YES_ERROR;
				GCC_WARN_UNDECLARED_SELECTOR = YES;
				GCC_WARN_UNINITIALIZED_AUTOS = YES_AGGRESSIVE;
				GCC_WARN_UNUSED_FUNCTION = YES;
				GCC_WARN_UNUSED_VARIABLE = YES;
				IPHONEOS_DEPLOYMENT_TARGET = 16.1;
				MTL_ENABLE_DEBUG_INFO = NO;
				MTL_FAST_MATH = YES;
				SDKROOT = iphoneos;
				SWIFT_COMPILATION_MODE = wholemodule;
				SWIFT_OPTIMIZATION_LEVEL = "-O";
				VALIDATE_PRODUCT = YES;
			};
			name = Release;
		};
		D825C26929909C6F00451898 /* Debug */ = {
			isa = XCBuildConfiguration;
			buildSettings = {
				ASSETCATALOG_COMPILER_APPICON_NAME = AppIcon;
				ASSETCATALOG_COMPILER_GLOBAL_ACCENT_COLOR_NAME = AccentColor;
				CODE_SIGN_STYLE = Automatic;
				CURRENT_PROJECT_VERSION = 1;
				DEVELOPMENT_ASSET_PATHS = "\"SwiftUIConcepts/Preview Content\"";
				DEVELOPMENT_TEAM = Q9UQ8U75N8;
				ENABLE_PREVIEWS = YES;
				GENERATE_INFOPLIST_FILE = YES;
				INFOPLIST_KEY_UIApplicationSceneManifest_Generation = YES;
				INFOPLIST_KEY_UIApplicationSupportsIndirectInputEvents = YES;
				INFOPLIST_KEY_UILaunchScreen_Generation = YES;
				INFOPLIST_KEY_UISupportedInterfaceOrientations_iPad = "UIInterfaceOrientationPortrait UIInterfaceOrientationPortraitUpsideDown UIInterfaceOrientationLandscapeLeft UIInterfaceOrientationLandscapeRight";
				INFOPLIST_KEY_UISupportedInterfaceOrientations_iPhone = "UIInterfaceOrientationPortrait UIInterfaceOrientationLandscapeLeft UIInterfaceOrientationLandscapeRight";
				LD_RUNPATH_SEARCH_PATHS = (
					"$(inherited)",
					"@executable_path/Frameworks",
				);
				MARKETING_VERSION = 1.0;
				PRODUCT_BUNDLE_IDENTIFIER = com.dodor.SwiftUIConcepts;
				PRODUCT_NAME = "$(TARGET_NAME)";
				SWIFT_EMIT_LOC_STRINGS = YES;
				SWIFT_VERSION = 5.0;
				TARGETED_DEVICE_FAMILY = "1,2";
			};
			name = Debug;
		};
		D825C26A29909C6F00451898 /* Release */ = {
			isa = XCBuildConfiguration;
			buildSettings = {
				ASSETCATALOG_COMPILER_APPICON_NAME = AppIcon;
				ASSETCATALOG_COMPILER_GLOBAL_ACCENT_COLOR_NAME = AccentColor;
				CODE_SIGN_STYLE = Automatic;
				CURRENT_PROJECT_VERSION = 1;
				DEVELOPMENT_ASSET_PATHS = "\"SwiftUIConcepts/Preview Content\"";
				DEVELOPMENT_TEAM = Q9UQ8U75N8;
				ENABLE_PREVIEWS = YES;
				GENERATE_INFOPLIST_FILE = YES;
				INFOPLIST_KEY_UIApplicationSceneManifest_Generation = YES;
				INFOPLIST_KEY_UIApplicationSupportsIndirectInputEvents = YES;
				INFOPLIST_KEY_UILaunchScreen_Generation = YES;
				INFOPLIST_KEY_UISupportedInterfaceOrientations_iPad = "UIInterfaceOrientationPortrait UIInterfaceOrientationPortraitUpsideDown UIInterfaceOrientationLandscapeLeft UIInterfaceOrientationLandscapeRight";
				INFOPLIST_KEY_UISupportedInterfaceOrientations_iPhone = "UIInterfaceOrientationPortrait UIInterfaceOrientationLandscapeLeft UIInterfaceOrientationLandscapeRight";
				LD_RUNPATH_SEARCH_PATHS = (
					"$(inherited)",
					"@executable_path/Frameworks",
				);
				MARKETING_VERSION = 1.0;
				PRODUCT_BUNDLE_IDENTIFIER = com.dodor.SwiftUIConcepts;
				PRODUCT_NAME = "$(TARGET_NAME)";
				SWIFT_EMIT_LOC_STRINGS = YES;
				SWIFT_VERSION = 5.0;
				TARGETED_DEVICE_FAMILY = "1,2";
			};
			name = Release;
		};
/* End XCBuildConfiguration section */

/* Begin XCConfigurationList section */
		D825C25529909C6E00451898 /* Build configuration list for PBXProject "SwiftUIConcepts" */ = {
			isa = XCConfigurationList;
			buildConfigurations = (
				D825C26629909C6F00451898 /* Debug */,
				D825C26729909C6F00451898 /* Release */,
			);
			defaultConfigurationIsVisible = 0;
			defaultConfigurationName = Release;
		};
		D825C26829909C6F00451898 /* Build configuration list for PBXNativeTarget "SwiftUIConcepts" */ = {
			isa = XCConfigurationList;
			buildConfigurations = (
				D825C26929909C6F00451898 /* Debug */,
				D825C26A29909C6F00451898 /* Release */,
			);
			defaultConfigurationIsVisible = 0;
			defaultConfigurationName = Release;
		};
/* End XCConfigurationList section */
	};
	rootObject = D825C25229909C6E00451898 /* Project object */;
}
